
Microsoft Visual Studio Solution File, Format Version 12.00
# Visual Studio Version 16
VisualStudioVersion = 16.0.30204.135
MinimumVisualStudioVersion = 10.0.40219.1
Project("{FAE04EC0-301F-11D3-BF4B-00C04F79EFBC}") = "FFXIV_DPS", "FFXIV_DPS\FFXIV_DPS.csproj", "{49CCC966-DB17-4D0E-90C2-EC43494C555E}"
EndProject
Global
	GlobalSection(SolutionConfigurationPlatforms) = preSolution
		Debug|Any CPU = Debug|Any CPU
		Release|Any CPU = Release|Any CPU
	EndGlobalSection
	GlobalSection(ProjectConfigurationPlatforms) = postSolution
		{49CCC966-DB17-4D0E-90C2-EC43494C555E}.Debug|Any CPU.ActiveCfg = Debug|Any CPU
		{49CCC966-DB17-4D0E-90C2-EC43494C555E}.Debug|Any CPU.Build.0 = Debug|Any CPU
		{49CCC966-DB17-4D0E-90C2-EC43494C555E}.Release|Any CPU.ActiveCfg = Release|Any CPU
		{49CCC966-DB17-4D0E-90C2-EC43494C555E}.Release|Any CPU.Build.0 = Release|Any CPU
	EndGlobalSection
	GlobalSection(SolutionProperties) = preSolution
		HideSolutionNode = FALSE
	EndGlobalSection
	GlobalSection(ExtensibilityGlobals) = postSolution
		SolutionGuid = {230789A4-D559-4897-88AC-5A209D695C87}
	EndGlobalSection
EndGlobal
